
Microsoft Visual Studio Solution File, Format Version 12.00
# Visual Studio Version 16
VisualStudioVersion = 16.0.30011.22
MinimumVisualStudioVersion = 10.0.40219.1
Project("{FAE04EC0-301F-11D3-BF4B-00C04F79EFBC}") = "Project", "Project\Project.csproj", "{FFC5A675-5E81-484E-93C3-6F64288972A9}"
EndProject
Project("{FAE04EC0-301F-11D3-BF4B-00C04F79EFBC}") = "ProjectTests", "ProjectTests\ProjectTests.csproj", "{0E6E8967-C1E0-4F3A-A745-BD89C3BE806D}"
EndProject
Global
	GlobalSection(SolutionConfigurationPlatforms) = preSolution
		Debug|Any CPU = Debug|Any CPU
		Release|Any CPU = Release|Any CPU
	EndGlobalSection
	GlobalSection(ProjectConfigurationPlatforms) = postSolution
		{FFC5A675-5E81-484E-93C3-6F64288972A9}.Debug|Any CPU.ActiveCfg = Debug|Any CPU
		{FFC5A675-5E81-484E-93C3-6F64288972A9}.Debug|Any CPU.Build.0 = Debug|Any CPU
		{FFC5A675-5E81-484E-93C3-6F64288972A9}.Release|Any CPU.ActiveCfg = Release|Any CPU
		{FFC5A675-5E81-484E-93C3-6F64288972A9}.Release|Any CPU.Build.0 = Release|Any CPU
		{0E6E8967-C1E0-4F3A-A745-BD89C3BE806D}.Debug|Any CPU.ActiveCfg = Debug|Any CPU
		{0E6E8967-C1E0-4F3A-A745-BD89C3BE806D}.Debug|Any CPU.Build.0 = Debug|Any CPU
		{0E6E8967-C1E0-4F3A-A745-BD89C3BE806D}.Release|Any CPU.ActiveCfg = Release|Any CPU
		{0E6E8967-C1E0-4F3A-A745-BD89C3BE806D}.Release|Any CPU.Build.0 = Release|Any CPU
	EndGlobalSection
	GlobalSection(SolutionProperties) = preSolution
		HideSolutionNode = FALSE
	EndGlobalSection
	GlobalSection(ExtensibilityGlobals) = postSolution
		SolutionGuid = {F598CBD8-6875-4091-8628-DAFAF5DBFBC6}
	EndGlobalSection
EndGlobal
